
Microsoft Visual Studio Solution File, Format Version 12.00
# Visual Studio Version 16
VisualStudioVersion = 16.0.29519.87
MinimumVisualStudioVersion = 10.0.40219.1
Project("{FAE04EC0-301F-11D3-BF4B-00C04F79EFBC}") = "veriyapilari_proje", "veriyapilari_proje\veriyapilari_proje.csproj", "{DC992347-593F-4BB0-901B-E37290E2EB20}"
EndProject
Global
	GlobalSection(SolutionConfigurationPlatforms) = preSolution
		Debug|Any CPU = Debug|Any CPU
		Release|Any CPU = Release|Any CPU
	EndGlobalSection
	GlobalSection(ProjectConfigurationPlatforms) = postSolution
		{DC992347-593F-4BB0-901B-E37290E2EB20}.Debug|Any CPU.ActiveCfg = Debug|Any CPU
		{DC992347-593F-4BB0-901B-E37290E2EB20}.Debug|Any CPU.Build.0 = Debug|Any CPU
		{DC992347-593F-4BB0-901B-E37290E2EB20}.Release|Any CPU.ActiveCfg = Release|Any CPU
		{DC992347-593F-4BB0-901B-E37290E2EB20}.Release|Any CPU.Build.0 = Release|Any CPU
	EndGlobalSection
	GlobalSection(SolutionProperties) = preSolution
		HideSolutionNode = FALSE
	EndGlobalSection
	GlobalSection(ExtensibilityGlobals) = postSolution
		SolutionGuid = {6BAF4C87-8A5A-4BF0-8891-300892A5D61C}
	EndGlobalSection
EndGlobal
